
Microsoft Visual Studio Solution File, Format Version 12.00
# Visual Studio Version 17
VisualStudioVersion = 17.8.34330.188
MinimumVisualStudioVersion = 10.0.40219.1
Project("{FAE04EC0-301F-11D3-BF4B-00C04F79EFBC}") = "DecoratorDesignPattern", "DecoratorDesignPattern.csproj", "{30F2FD5F-B84A-4897-AA33-E67D6D0F5453}"
EndProject
Global
	GlobalSection(SolutionConfigurationPlatforms) = preSolution
		Debug|Any CPU = Debug|Any CPU
		Release|Any CPU = Release|Any CPU
	EndGlobalSection
	GlobalSection(ProjectConfigurationPlatforms) = postSolution
		{30F2FD5F-B84A-4897-AA33-E67D6D0F5453}.Debug|Any CPU.ActiveCfg = Debug|Any CPU
		{30F2FD5F-B84A-4897-AA33-E67D6D0F5453}.Debug|Any CPU.Build.0 = Debug|Any CPU
		{30F2FD5F-B84A-4897-AA33-E67D6D0F5453}.Release|Any CPU.ActiveCfg = Release|Any CPU
		{30F2FD5F-B84A-4897-AA33-E67D6D0F5453}.Release|Any CPU.Build.0 = Release|Any CPU
	EndGlobalSection
	GlobalSection(SolutionProperties) = preSolution
		HideSolutionNode = FALSE
	EndGlobalSection
	GlobalSection(ExtensibilityGlobals) = postSolution
		SolutionGuid = {F4DD3CF0-4012-45C3-B38C-F2B14AB64515}
	EndGlobalSection
EndGlobal
